
Microsoft Visual Studio Solution File, Format Version 12.00
# Visual Studio 2012
Project("{FAE04EC0-301F-11D3-BF4B-00C04F79EFBC}") = "DomainModel", "DomainModel\DomainModel.csproj", "{4F624E60-33BF-4627-802B-609361CCD99C}"
EndProject
Project("{FAE04EC0-301F-11D3-BF4B-00C04F79EFBC}") = "DataAccess", "DataLayer\DataAccess.csproj", "{752C3F37-ECF8-4451-860C-CC27C93BD902}"
EndProject
Project("{FAE04EC0-301F-11D3-BF4B-00C04F79EFBC}") = "BreakAwayConsole", "BreakAwayConsole\BreakAwayConsole.csproj", "{B52C42F4-1BA4-43F9-BADC-508763386553}"
EndProject
Global
	GlobalSection(SolutionConfigurationPlatforms) = preSolution
		Debug|Any CPU = Debug|Any CPU
		Release|Any CPU = Release|Any CPU
	EndGlobalSection
	GlobalSection(ProjectConfigurationPlatforms) = postSolution
		{4F624E60-33BF-4627-802B-609361CCD99C}.Debug|Any CPU.ActiveCfg = Debug|Any CPU
		{4F624E60-33BF-4627-802B-609361CCD99C}.Debug|Any CPU.Build.0 = Debug|Any CPU
		{4F624E60-33BF-4627-802B-609361CCD99C}.Release|Any CPU.ActiveCfg = Release|Any CPU
		{4F624E60-33BF-4627-802B-609361CCD99C}.Release|Any CPU.Build.0 = Release|Any CPU
		{752C3F37-ECF8-4451-860C-CC27C93BD902}.Debug|Any CPU.ActiveCfg = Debug|Any CPU
		{752C3F37-ECF8-4451-860C-CC27C93BD902}.Debug|Any CPU.Build.0 = Debug|Any CPU
		{752C3F37-ECF8-4451-860C-CC27C93BD902}.Release|Any CPU.ActiveCfg = Release|Any CPU
		{752C3F37-ECF8-4451-860C-CC27C93BD902}.Release|Any CPU.Build.0 = Release|Any CPU
		{B52C42F4-1BA4-43F9-BADC-508763386553}.Debug|Any CPU.ActiveCfg = Debug|Any CPU
		{B52C42F4-1BA4-43F9-BADC-508763386553}.Debug|Any CPU.Build.0 = Debug|Any CPU
		{B52C42F4-1BA4-43F9-BADC-508763386553}.Release|Any CPU.ActiveCfg = Release|Any CPU
		{B52C42F4-1BA4-43F9-BADC-508763386553}.Release|Any CPU.Build.0 = Release|Any CPU
	EndGlobalSection
	GlobalSection(SolutionProperties) = preSolution
		HideSolutionNode = FALSE
	EndGlobalSection
EndGlobal
